
Microsoft Visual Studio Solution File, Format Version 12.00
# Visual Studio Version 17
VisualStudioVersion = 17.8.34330.188
MinimumVisualStudioVersion = 10.0.40219.1
Project("{9A19103F-16F7-4668-BE54-9A1E7A4F7556}") = "AvaloniaApplication1", "AvaloniaApplication1\AvaloniaApplication1.csproj", "{43CBD1AB-1A3C-41B9-BCA7-A488D5219E3C}"
EndProject
Project("{9A19103F-16F7-4668-BE54-9A1E7A4F7556}") = "AvaloniaApplication1.Desktop", "AvaloniaApplication1.Desktop\AvaloniaApplication1.Desktop.csproj", "{D08D7ACB-7154-42CE-9D6D-47477D7BFBD1}"
EndProject
Global
	GlobalSection(SolutionConfigurationPlatforms) = preSolution
		Debug|Any CPU = Debug|Any CPU
		Release|Any CPU = Release|Any CPU
	EndGlobalSection
	GlobalSection(ProjectConfigurationPlatforms) = postSolution
		{43CBD1AB-1A3C-41B9-BCA7-A488D5219E3C}.Debug|Any CPU.ActiveCfg = Debug|Any CPU
		{43CBD1AB-1A3C-41B9-BCA7-A488D5219E3C}.Debug|Any CPU.Build.0 = Debug|Any CPU
		{43CBD1AB-1A3C-41B9-BCA7-A488D5219E3C}.Release|Any CPU.ActiveCfg = Release|Any CPU
		{43CBD1AB-1A3C-41B9-BCA7-A488D5219E3C}.Release|Any CPU.Build.0 = Release|Any CPU
		{D08D7ACB-7154-42CE-9D6D-47477D7BFBD1}.Debug|Any CPU.ActiveCfg = Debug|Any CPU
		{D08D7ACB-7154-42CE-9D6D-47477D7BFBD1}.Debug|Any CPU.Build.0 = Debug|Any CPU
		{D08D7ACB-7154-42CE-9D6D-47477D7BFBD1}.Release|Any CPU.ActiveCfg = Release|Any CPU
		{D08D7ACB-7154-42CE-9D6D-47477D7BFBD1}.Release|Any CPU.Build.0 = Release|Any CPU
	EndGlobalSection
	GlobalSection(SolutionProperties) = preSolution
		HideSolutionNode = FALSE
	EndGlobalSection
	GlobalSection(ExtensibilityGlobals) = postSolution
		SolutionGuid = {8737B114-1B07-4E51-978D-37473750762C}
	EndGlobalSection
EndGlobal
